
Microsoft Visual Studio Solution File, Format Version 12.00
# Visual Studio Version 17
VisualStudioVersion = 17.9.34728.123
MinimumVisualStudioVersion = 10.0.40219.1
Project("{9A19103F-16F7-4668-BE54-9A1E7A4F7556}") = "TrackMyFinance.API", "TrackMyFinance.API\TrackMyFinance.API.csproj", "{57B33DF0-FB44-4BFD-87C4-195EB8AF5755}"
EndProject
Project("{9A19103F-16F7-4668-BE54-9A1E7A4F7556}") = "TrackMyFinance.Domain", "TrackMyFinance.Domain\TrackMyFinance.Domain.csproj", "{35FAC6ED-20BD-4852-938B-72FCAD5E4D57}"
EndProject
Project("{9A19103F-16F7-4668-BE54-9A1E7A4F7556}") = "TrackMyFinance.Application", "TrackMyFinance.Application\TrackMyFinance.Application.csproj", "{8B96D29A-78DD-495A-A163-B2674BFC0185}"
EndProject
Project("{9A19103F-16F7-4668-BE54-9A1E7A4F7556}") = "TrackMyFinance.Infrastructure", "TrackMyFinance.Infrastructure\TrackMyFinance.Infrastructure.csproj", "{CD0335C5-563C-4590-AD9E-A9D47899013B}"
EndProject
Project("{FAE04EC0-301F-11D3-BF4B-00C04F79EFBC}") = "TrackMyFinance.Models", "TrackMyFinance.Models\TrackMyFinance.Models.csproj", "{B19E0A51-AA24-4E73-BE07-0E33D6691EEC}"
EndProject
Global
	GlobalSection(SolutionConfigurationPlatforms) = preSolution
		Debug|Any CPU = Debug|Any CPU
		Release|Any CPU = Release|Any CPU
	EndGlobalSection
	GlobalSection(ProjectConfigurationPlatforms) = postSolution
		{57B33DF0-FB44-4BFD-87C4-195EB8AF5755}.Debug|Any CPU.ActiveCfg = Debug|Any CPU
		{57B33DF0-FB44-4BFD-87C4-195EB8AF5755}.Debug|Any CPU.Build.0 = Debug|Any CPU
		{57B33DF0-FB44-4BFD-87C4-195EB8AF5755}.Release|Any CPU.ActiveCfg = Release|Any CPU
		{57B33DF0-FB44-4BFD-87C4-195EB8AF5755}.Release|Any CPU.Build.0 = Release|Any CPU
		{35FAC6ED-20BD-4852-938B-72FCAD5E4D57}.Debug|Any CPU.ActiveCfg = Debug|Any CPU
		{35FAC6ED-20BD-4852-938B-72FCAD5E4D57}.Debug|Any CPU.Build.0 = Debug|Any CPU
		{35FAC6ED-20BD-4852-938B-72FCAD5E4D57}.Release|Any CPU.ActiveCfg = Release|Any CPU
		{35FAC6ED-20BD-4852-938B-72FCAD5E4D57}.Release|Any CPU.Build.0 = Release|Any CPU
		{8B96D29A-78DD-495A-A163-B2674BFC0185}.Debug|Any CPU.ActiveCfg = Debug|Any CPU
		{8B96D29A-78DD-495A-A163-B2674BFC0185}.Debug|Any CPU.Build.0 = Debug|Any CPU
		{8B96D29A-78DD-495A-A163-B2674BFC0185}.Release|Any CPU.ActiveCfg = Release|Any CPU
		{8B96D29A-78DD-495A-A163-B2674BFC0185}.Release|Any CPU.Build.0 = Release|Any CPU
		{CD0335C5-563C-4590-AD9E-A9D47899013B}.Debug|Any CPU.ActiveCfg = Debug|Any CPU
		{CD0335C5-563C-4590-AD9E-A9D47899013B}.Debug|Any CPU.Build.0 = Debug|Any CPU
		{CD0335C5-563C-4590-AD9E-A9D47899013B}.Release|Any CPU.ActiveCfg = Release|Any CPU
		{CD0335C5-563C-4590-AD9E-A9D47899013B}.Release|Any CPU.Build.0 = Release|Any CPU
		{B19E0A51-AA24-4E73-BE07-0E33D6691EEC}.Debug|Any CPU.ActiveCfg = Debug|Any CPU
		{B19E0A51-AA24-4E73-BE07-0E33D6691EEC}.Debug|Any CPU.Build.0 = Debug|Any CPU
		{B19E0A51-AA24-4E73-BE07-0E33D6691EEC}.Release|Any CPU.ActiveCfg = Release|Any CPU
		{B19E0A51-AA24-4E73-BE07-0E33D6691EEC}.Release|Any CPU.Build.0 = Release|Any CPU
	EndGlobalSection
	GlobalSection(SolutionProperties) = preSolution
		HideSolutionNode = FALSE
	EndGlobalSection
	GlobalSection(ExtensibilityGlobals) = postSolution
		SolutionGuid = {E4DDA708-8CD2-496F-99BC-B7ED96F1A38E}
	EndGlobalSection
EndGlobal
